
Microsoft Visual Studio Solution File, Format Version 12.00
# Visual Studio 15
VisualStudioVersion = 15.0.28307.329
MinimumVisualStudioVersion = 10.0.40219.1
Project("{FAE04EC0-301F-11D3-BF4B-00C04F79EFBC}") = "SharpGPOAbuse", "SharpGPOAbuse\SharpGPOAbuse.csproj", "{4F495784-B443-4838-9FA6-9149293AF785}"
EndProject
Global
	GlobalSection(SolutionConfigurationPlatforms) = preSolution
		Debug|Any CPU = Debug|Any CPU
		Release|Any CPU = Release|Any CPU
	EndGlobalSection
	GlobalSection(ProjectConfigurationPlatforms) = postSolution
		{4F495784-B443-4838-9FA6-9149293AF785}.Debug|Any CPU.ActiveCfg = Debug|Any CPU
		{4F495784-B443-4838-9FA6-9149293AF785}.Debug|Any CPU.Build.0 = Debug|Any CPU
		{4F495784-B443-4838-9FA6-9149293AF785}.Release|Any CPU.ActiveCfg = Release|Any CPU
		{4F495784-B443-4838-9FA6-9149293AF785}.Release|Any CPU.Build.0 = Release|Any CPU
	EndGlobalSection
	GlobalSection(SolutionProperties) = preSolution
		HideSolutionNode = FALSE
	EndGlobalSection
	GlobalSection(ExtensibilityGlobals) = postSolution
		SolutionGuid = {01E8873B-A6F4-4BAD-AD55-472E3E2C6F5F}
	EndGlobalSection
EndGlobal
